
Microsoft Visual Studio Solution File, Format Version 12.00
# Visual Studio Version 17
VisualStudioVersion = 17.0.31903.59
MinimumVisualStudioVersion = 10.0.40219.1
Project("{FAE04EC0-301F-11D3-BF4B-00C04F79EFBC}") = "SemanticKernel.Orchestration", "SemanticKernel.Orchestration\SemanticKernel.Orchestration.csproj", "{A47206D5-44B5-49AB-ACAB-E954042F6DC7}"
EndProject
Project("{FAE04EC0-301F-11D3-BF4B-00C04F79EFBC}") = "SemanticKernel.Orchestration.Tests", "SemanticKernel.Orchestration.Tests\SemanticKernel.Orchestration.Tests.csproj", "{CA90E72C-E838-4D9D-B3D0-20FFB47071F2}"
EndProject
Project("{FAE04EC0-301F-11D3-BF4B-00C04F79EFBC}") = "SemanticKernel.Orchestration.SampleAgents", "SemanticKernel.Orchestration.SampleAgents\SemanticKernel.Orchestration.SampleAgents.csproj", "{8651D714-E238-4364-BC3C-41AAF9AD8071}"
EndProject
Project("{2150E333-8FDC-42A3-9474-1A3956D46DE8}") = "Build", "Build", "{DEE5DD87-39C1-BF34-B639-A387DCCF972B}"
	ProjectSection(SolutionItems) = preProject
		..\Directory.Build.props = ..\Directory.Build.props
		..\Directory.Packages.props = ..\Directory.Packages.props
	EndProjectSection
EndProject
Project("{FAE04EC0-301F-11D3-BF4B-00C04F79EFBC}") = "SemanticKernel.Orchestration.ConsolePlayground", "SemanticKernel.Orchestration.ConsolePlayground\SemanticKernel.Orchestration.ConsolePlayground.csproj", "{C4A26F50-9BAD-8F75-BD45-0FCD6E8F3B1E}"
EndProject
Global
	GlobalSection(SolutionConfigurationPlatforms) = preSolution
		Debug|Any CPU = Debug|Any CPU
		Debug|x64 = Debug|x64
		Debug|x86 = Debug|x86
		Release|Any CPU = Release|Any CPU
		Release|x64 = Release|x64
		Release|x86 = Release|x86
	EndGlobalSection
	GlobalSection(ProjectConfigurationPlatforms) = postSolution
		{A47206D5-44B5-49AB-ACAB-E954042F6DC7}.Debug|Any CPU.ActiveCfg = Debug|Any CPU
		{A47206D5-44B5-49AB-ACAB-E954042F6DC7}.Debug|Any CPU.Build.0 = Debug|Any CPU
		{A47206D5-44B5-49AB-ACAB-E954042F6DC7}.Debug|x64.ActiveCfg = Debug|Any CPU
		{A47206D5-44B5-49AB-ACAB-E954042F6DC7}.Debug|x64.Build.0 = Debug|Any CPU
		{A47206D5-44B5-49AB-ACAB-E954042F6DC7}.Debug|x86.ActiveCfg = Debug|Any CPU
		{A47206D5-44B5-49AB-ACAB-E954042F6DC7}.Debug|x86.Build.0 = Debug|Any CPU
		{A47206D5-44B5-49AB-ACAB-E954042F6DC7}.Release|Any CPU.ActiveCfg = Release|Any CPU
		{A47206D5-44B5-49AB-ACAB-E954042F6DC7}.Release|Any CPU.Build.0 = Release|Any CPU
		{A47206D5-44B5-49AB-ACAB-E954042F6DC7}.Release|x64.ActiveCfg = Release|Any CPU
		{A47206D5-44B5-49AB-ACAB-E954042F6DC7}.Release|x64.Build.0 = Release|Any CPU
		{A47206D5-44B5-49AB-ACAB-E954042F6DC7}.Release|x86.ActiveCfg = Release|Any CPU
		{A47206D5-44B5-49AB-ACAB-E954042F6DC7}.Release|x86.Build.0 = Release|Any CPU
		{CA90E72C-E838-4D9D-B3D0-20FFB47071F2}.Debug|Any CPU.ActiveCfg = Debug|Any CPU
		{CA90E72C-E838-4D9D-B3D0-20FFB47071F2}.Debug|Any CPU.Build.0 = Debug|Any CPU
		{CA90E72C-E838-4D9D-B3D0-20FFB47071F2}.Debug|x64.ActiveCfg = Debug|Any CPU
		{CA90E72C-E838-4D9D-B3D0-20FFB47071F2}.Debug|x64.Build.0 = Debug|Any CPU
		{CA90E72C-E838-4D9D-B3D0-20FFB47071F2}.Debug|x86.ActiveCfg = Debug|Any CPU
		{CA90E72C-E838-4D9D-B3D0-20FFB47071F2}.Debug|x86.Build.0 = Debug|Any CPU
		{CA90E72C-E838-4D9D-B3D0-20FFB47071F2}.Release|Any CPU.ActiveCfg = Release|Any CPU
		{CA90E72C-E838-4D9D-B3D0-20FFB47071F2}.Release|Any CPU.Build.0 = Release|Any CPU
		{CA90E72C-E838-4D9D-B3D0-20FFB47071F2}.Release|x64.ActiveCfg = Release|Any CPU
		{CA90E72C-E838-4D9D-B3D0-20FFB47071F2}.Release|x64.Build.0 = Release|Any CPU
		{CA90E72C-E838-4D9D-B3D0-20FFB47071F2}.Release|x86.ActiveCfg = Release|Any CPU
		{CA90E72C-E838-4D9D-B3D0-20FFB47071F2}.Release|x86.Build.0 = Release|Any CPU
		{8651D714-E238-4364-BC3C-41AAF9AD8071}.Debug|Any CPU.ActiveCfg = Debug|Any CPU
		{8651D714-E238-4364-BC3C-41AAF9AD8071}.Debug|Any CPU.Build.0 = Debug|Any CPU
		{8651D714-E238-4364-BC3C-41AAF9AD8071}.Debug|x64.ActiveCfg = Debug|Any CPU
		{8651D714-E238-4364-BC3C-41AAF9AD8071}.Debug|x64.Build.0 = Debug|Any CPU
		{8651D714-E238-4364-BC3C-41AAF9AD8071}.Debug|x86.ActiveCfg = Debug|Any CPU
		{8651D714-E238-4364-BC3C-41AAF9AD8071}.Debug|x86.Build.0 = Debug|Any CPU
		{8651D714-E238-4364-BC3C-41AAF9AD8071}.Release|Any CPU.ActiveCfg = Release|Any CPU
		{8651D714-E238-4364-BC3C-41AAF9AD8071}.Release|Any CPU.Build.0 = Release|Any CPU
		{8651D714-E238-4364-BC3C-41AAF9AD8071}.Release|x64.ActiveCfg = Release|Any CPU
		{8651D714-E238-4364-BC3C-41AAF9AD8071}.Release|x64.Build.0 = Release|Any CPU
		{8651D714-E238-4364-BC3C-41AAF9AD8071}.Release|x86.ActiveCfg = Release|Any CPU
		{8651D714-E238-4364-BC3C-41AAF9AD8071}.Release|x86.Build.0 = Release|Any CPU
		{C4A26F50-9BAD-8F75-BD45-0FCD6E8F3B1E}.Debug|Any CPU.ActiveCfg = Debug|Any CPU
		{C4A26F50-9BAD-8F75-BD45-0FCD6E8F3B1E}.Debug|Any CPU.Build.0 = Debug|Any CPU
		{C4A26F50-9BAD-8F75-BD45-0FCD6E8F3B1E}.Debug|x64.ActiveCfg = Debug|Any CPU
		{C4A26F50-9BAD-8F75-BD45-0FCD6E8F3B1E}.Debug|x64.Build.0 = Debug|Any CPU
		{C4A26F50-9BAD-8F75-BD45-0FCD6E8F3B1E}.Debug|x86.ActiveCfg = Debug|Any CPU
		{C4A26F50-9BAD-8F75-BD45-0FCD6E8F3B1E}.Debug|x86.Build.0 = Debug|Any CPU
		{C4A26F50-9BAD-8F75-BD45-0FCD6E8F3B1E}.Release|Any CPU.ActiveCfg = Release|Any CPU
		{C4A26F50-9BAD-8F75-BD45-0FCD6E8F3B1E}.Release|Any CPU.Build.0 = Release|Any CPU
		{C4A26F50-9BAD-8F75-BD45-0FCD6E8F3B1E}.Release|x64.ActiveCfg = Release|Any CPU
		{C4A26F50-9BAD-8F75-BD45-0FCD6E8F3B1E}.Release|x64.Build.0 = Release|Any CPU
		{C4A26F50-9BAD-8F75-BD45-0FCD6E8F3B1E}.Release|x86.ActiveCfg = Release|Any CPU
		{C4A26F50-9BAD-8F75-BD45-0FCD6E8F3B1E}.Release|x86.Build.0 = Release|Any CPU
	EndGlobalSection
	GlobalSection(SolutionProperties) = preSolution
		HideSolutionNode = FALSE
	EndGlobalSection
	GlobalSection(ExtensibilityGlobals) = postSolution
		SolutionGuid = {1A4E05C1-D106-4A8E-B65C-FF2E3E51D1C6}
	EndGlobalSection
EndGlobal
